dependencies:
- name: kube-prometheus-stack
  repository: https://prometheus-community.github.io/helm-charts
  version: 65.0.0
- name: opentelemetry-collector
  repository: https://open-telemetry.github.io/opentelemetry-helm-charts
  version: 0.110.0
- name: loki
  repository: https://grafana.github.io/helm-charts
  version: 6.3.0
digest: sha256:3cbb638037bc28742387561afe68f1f57a01becfb72e260c899f2e9b3b549e81
generated: "2026-02-18T22:15:38.697778-08:00"
